// !$*UTF8*$!
{
	archiveVersion = 1;
	classes = {
	};
	objectVersion = 55;
	objects = {

/* Begin PBXBuildFile section */
		950ED749293D3F6D00FCA0E1 /* RoadmapApp.swift in Sources */ = {isa = PBXBuildFile; fileRef = 950ED748293D3F6D00FCA0E1 /* RoadmapApp.swift */; };
		950ED74B293D3F6D00FCA0E1 /* ContentView.swift in Sources */ = {isa = PBXBuildFile; fileRef = 950ED74A293D3F6D00FCA0E1 /* ContentView.swift */; };
		950ED74D293D3F6E00FCA0E1 /* Assets.xcassets in Resources */ = {isa = PBXBuildFile; fileRef = 950ED74C293D3F6E00FCA0E1 /* Assets.xcassets */; };
		950ED750293D3F6E00FCA0E1 /* Preview Assets.xcassets in Resources */ = {isa = PBXBuildFile; fileRef = 950ED74F293D3F6E00FCA0E1 /* Preview Assets.xcassets */; };
		950ED75A293D435A00FCA0E1 /* CharacterModel.swift in Sources */ = {isa = PBXBuildFile; fileRef = 950ED759293D435A00FCA0E1 /* CharacterModel.swift */; };
		950ED75C293D4E4600FCA0E1 /* CharacterCard.swift in Sources */ = {isa = PBXBuildFile; fileRef = 950ED75B293D4E4600FCA0E1 /* CharacterCard.swift */; };
		950ED75E293D513D00FCA0E1 /* CharacterList.swift in Sources */ = {isa = PBXBuildFile; fileRef = 950ED75D293D513D00FCA0E1 /* CharacterList.swift */; };
		950ED760293D55BB00FCA0E1 /* CharacterPicker.swift in Sources */ = {isa = PBXBuildFile; fileRef = 950ED75F293D55BB00FCA0E1 /* CharacterPicker.swift */; };
		950ED762293D5C5100FCA0E1 /* GameView.swift in Sources */ = {isa = PBXBuildFile; fileRef = 950ED761293D5C5100FCA0E1 /* GameView.swift */; };
		950ED766293D614800FCA0E1 /* TypeOneCard.swift in Sources */ = {isa = PBXBuildFile; fileRef = 950ED765293D614800FCA0E1 /* TypeOneCard.swift */; };
		950ED769293D63E700FCA0E1 /* TypeTwoCard.swift in Sources */ = {isa = PBXBuildFile; fileRef = 950ED768293D63E700FCA0E1 /* TypeTwoCard.swift */; };
		950ED76B293D66D900FCA0E1 /* TypeThreeCard.swift in Sources */ = {isa = PBXBuildFile; fileRef = 950ED76A293D66D800FCA0E1 /* TypeThreeCard.swift */; };
		950ED76D293D6D4600FCA0E1 /* StoryBrain.swift in Sources */ = {isa = PBXBuildFile; fileRef = 950ED76C293D6D4600FCA0E1 /* StoryBrain.swift */; };
		9583803829550CDA009F6E8C /* WelcomeView.swift in Sources */ = {isa = PBXBuildFile; fileRef = 9583803729550CDA009F6E8C /* WelcomeView.swift */; };
		95C5EE482955EF5400468E0C /* bgMusic.mp3 in Resources */ = {isa = PBXBuildFile; fileRef = 95C5EE472955EF5400468E0C /* bgMusic.mp3 */; };
/* End PBXBuildFile section */

/* Begin PBXFileReference section */
		950ED745293D3F6D00FCA0E1 /* Roadmap.app */ = {isa = PBXFileReference; explicitFileType = wrapper.application; includeInIndex = 0; path = Roadmap.app; sourceTree = BUILT_PRODUCTS_DIR; };
		950ED748293D3F6D00FCA0E1 /* RoadmapApp.swift */ = {isa = PBXFileReference; lastKnownFileType = sourcecode.swift; path = RoadmapApp.swift; sourceTree = "<group>"; };
		950ED74A293D3F6D00FCA0E1 /* ContentView.swift */ = {isa = PBXFileReference; lastKnownFileType = sourcecode.swift; path = ContentView.swift; sourceTree = "<group>"; };
		950ED74C293D3F6E00FCA0E1 /* Assets.xcassets */ = {isa = PBXFileReference; lastKnownFileType = folder.assetcatalog; path = Assets.xcassets; sourceTree = "<group>"; };
		950ED74F293D3F6E00FCA0E1 /* Preview Assets.xcassets */ = {isa = PBXFileReference; lastKnownFileType = folder.assetcatalog; path = "Preview Assets.xcassets"; sourceTree = "<group>"; };
		950ED759293D435A00FCA0E1 /* CharacterModel.swift */ = {isa = PBXFileReference; lastKnownFileType = sourcecode.swift; path = CharacterModel.swift; sourceTree = "<group>"; };
		950ED75B293D4E4600FCA0E1 /* CharacterCard.swift */ = {isa = PBXFileReference; lastKnownFileType = sourcecode.swift; path = CharacterCard.swift; sourceTree = "<group>"; };
		950ED75D293D513D00FCA0E1 /* CharacterList.swift */ = {isa = PBXFileReference; lastKnownFileType = sourcecode.swift; path = CharacterList.swift; sourceTree = "<group>"; };
		950ED75F293D55BB00FCA0E1 /* CharacterPicker.swift */ = {isa = PBXFileReference; lastKnownFileType = sourcecode.swift; path = CharacterPicker.swift; sourceTree = "<group>"; };
		950ED761293D5C5100FCA0E1 /* GameView.swift */ = {isa = PBXFileReference; lastKnownFileType = sourcecode.swift; path = GameView.swift; sourceTree = "<group>"; };
		950ED765293D614800FCA0E1 /* TypeOneCard.swift */ = {isa = PBXFileReference; lastKnownFileType = sourcecode.swift; path = TypeOneCard.swift; sourceTree = "<group>"; };
		950ED768293D63E700FCA0E1 /* TypeTwoCard.swift */ = {isa = PBXFileReference; lastKnownFileType = sourcecode.swift; path = TypeTwoCard.swift; sourceTree = "<group>"; };
		950ED76A293D66D800FCA0E1 /* TypeThreeCard.swift */ = {isa = PBXFileReference; lastKnownFileType = sourcecode.swift; path = TypeThreeCard.swift; sourceTree = "<group>"; };
		950ED76C293D6D4600FCA0E1 /* StoryBrain.swift */ = {isa = PBXFileReference; lastKnownFileType = sourcecode.swift; path = StoryBrain.swift; sourceTree = "<group>"; };
		9583803729550CDA009F6E8C /* WelcomeView.swift */ = {isa = PBXFileReference; lastKnownFileType = sourcecode.swift; path = WelcomeView.swift; sourceTree = "<group>"; };
		95C5EE472955EF5400468E0C /* bgMusic.mp3 */ = {isa = PBXFileReference; lastKnownFileType = audio.mp3; path = bgMusic.mp3; sourceTree = "<group>"; };
/* End PBXFileReference section */

/* Begin PBXFrameworksBuildPhase section */
		950ED742293D3F6D00FCA0E1 /* Frameworks */ = {
			isa = PBXFrameworksBuildPhase;
			buildActionMask = 2147483647;
			files = (
			);
			runOnlyForDeploymentPostprocessing = 0;
		};
/* End PBXFrameworksBuildPhase section */

/* Begin PBXGroup section */
		950ED73C293D3F6D00FCA0E1 = {
			isa = PBXGroup;
			children = (
				950ED761293D5C5100FCA0E1 /* GameView.swift */,
				950ED75F293D55BB00FCA0E1 /* CharacterPicker.swift */,
				950ED747293D3F6D00FCA0E1 /* Roadmap */,
				950ED746293D3F6D00FCA0E1 /* Products */,
			);
			sourceTree = "<group>";
		};
		950ED746293D3F6D00FCA0E1 /* Products */ = {
			isa = PBXGroup;
			children = (
				950ED745293D3F6D00FCA0E1 /* Roadmap.app */,
			);
			name = Products;
			sourceTree = "<group>";
		};
		950ED747293D3F6D00FCA0E1 /* Roadmap */ = {
			isa = PBXGroup;
			children = (
				950ED748293D3F6D00FCA0E1 /* RoadmapApp.swift */,
				950ED757293D431F00FCA0E1 /* View */,
				950ED756293D431900FCA0E1 /* Model */,
				950ED74A293D3F6D00FCA0E1 /* ContentView.swift */,
				950ED74C293D3F6E00FCA0E1 /* Assets.xcassets */,
				95C5EE462955EF3E00468E0C /* Sound */,
				950ED74E293D3F6E00FCA0E1 /* Preview Content */,
			);
			path = Roadmap;
			sourceTree = "<group>";
		};
		950ED74E293D3F6E00FCA0E1 /* Preview Content */ = {
			isa = PBXGroup;
			children = (
				950ED74F293D3F6E00FCA0E1 /* Preview Assets.xcassets */,
			);
			path = "Preview Content";
			sourceTree = "<group>";
		};
		950ED756293D431900FCA0E1 /* Model */ = {
			isa = PBXGroup;
			children = (
				950ED759293D435A00FCA0E1 /* CharacterModel.swift */,
				950ED76C293D6D4600FCA0E1 /* StoryBrain.swift */,
			);
			path = Model;
			sourceTree = "<group>";
		};
		950ED757293D431F00FCA0E1 /* View */ = {
			isa = PBXGroup;
			children = (
				950ED75B293D4E4600FCA0E1 /* CharacterCard.swift */,
				9583803729550CDA009F6E8C /* WelcomeView.swift */,
				950ED765293D614800FCA0E1 /* TypeOneCard.swift */,
				950ED768293D63E700FCA0E1 /* TypeTwoCard.swift */,
				950ED76A293D66D800FCA0E1 /* TypeThreeCard.swift */,
				950ED75D293D513D00FCA0E1 /* CharacterList.swift */,
			);
			path = View;
			sourceTree = "<group>";
		};
		95C5EE462955EF3E00468E0C /* Sound */ = {
			isa = PBXGroup;
			children = (
				95C5EE472955EF5400468E0C /* bgMusic.mp3 */,
			);
			path = Sound;
			sourceTree = "<group>";
		};
/* End PBXGroup section */

/* Begin PBXNativeTarget section */
		950ED744293D3F6D00FCA0E1 /* Roadmap */ = {
			isa = PBXNativeTarget;
			buildConfigurationList = 950ED753293D3F6E00FCA0E1 /* Build configuration list for PBXNativeTarget "Roadmap" */;
			buildPhases = (
				950ED741293D3F6D00FCA0E1 /* Sources */,
				950ED742293D3F6D00FCA0E1 /* Frameworks */,
				950ED743293D3F6D00FCA0E1 /* Resources */,
			);
			buildRules = (
			);
			dependencies = (
			);
			name = Roadmap;
			productName = Roadmap;
			productReference = 950ED745293D3F6D00FCA0E1 /* Roadmap.app */;
			productType = "com.apple.product-type.application";
		};
/* End PBXNativeTarget section */

/* Begin PBXProject section */
		950ED73D293D3F6D00FCA0E1 /* Project object */ = {
			isa = PBXProject;
			attributes = {
				BuildIndependentTargetsInParallel = 1;
				LastSwiftUpdateCheck = 1340;
				LastUpgradeCheck = 1340;
				TargetAttributes = {
					950ED744293D3F6D00FCA0E1 = {
						CreatedOnToolsVersion = 13.4.1;
					};
				};
			};
			buildConfigurationList = 950ED740293D3F6D00FCA0E1 /* Build configuration list for PBXProject "Roadmap" */;
			compatibilityVersion = "Xcode 13.0";
			developmentRegion = en;
			hasScannedForEncodings = 0;
			knownRegions = (
				en,
				Base,
			);
			mainGroup = 950ED73C293D3F6D00FCA0E1;
			productRefGroup = 950ED746293D3F6D00FCA0E1 /* Products */;
			projectDirPath = "";
			projectRoot = "";
			targets = (
				950ED744293D3F6D00FCA0E1 /* Roadmap */,
			);
		};
/* End PBXProject section */

/* Begin PBXResourcesBuildPhase section */
		950ED743293D3F6D00FCA0E1 /* Resources */ = {
			isa = PBXResourcesBuildPhase;
			buildActionMask = 2147483647;
			files = (
				950ED750293D3F6E00FCA0E1 /* Preview Assets.xcassets in Resources */,
				950ED74D293D3F6E00FCA0E1 /* Assets.xcassets in Resources */,
				95C5EE482955EF5400468E0C /* bgMusic.mp3 in Resources */,
			);
			runOnlyForDeploymentPostprocessing = 0;
		};
/* End PBXResourcesBuildPhase section */

/* Begin PBXSourcesBuildPhase section */
		950ED741293D3F6D00FCA0E1 /* Sources */ = {
			isa = PBXSourcesBuildPhase;
			buildActionMask = 2147483647;
			files = (
				950ED75A293D435A00FCA0E1 /* CharacterModel.swift in Sources */,
				950ED760293D55BB00FCA0E1 /* CharacterPicker.swift in Sources */,
				950ED76B293D66D900FCA0E1 /* TypeThreeCard.swift in Sources */,
				950ED766293D614800FCA0E1 /* TypeOneCard.swift in Sources */,
				950ED75C293D4E4600FCA0E1 /* CharacterCard.swift in Sources */,
				950ED76D293D6D4600FCA0E1 /* StoryBrain.swift in Sources */,
				950ED75E293D513D00FCA0E1 /* CharacterList.swift in Sources */,
				9583803829550CDA009F6E8C /* WelcomeView.swift in Sources */,
				950ED74B293D3F6D00FCA0E1 /* ContentView.swift in Sources */,
				950ED769293D63E700FCA0E1 /* TypeTwoCard.swift in Sources */,
				950ED749293D3F6D00FCA0E1 /* RoadmapApp.swift in Sources */,
				950ED762293D5C5100FCA0E1 /* GameView.swift in Sources */,
			);
			runOnlyForDeploymentPostprocessing = 0;
		};
/* End PBXSourcesBuildPhase section */

/* Begin XCBuildConfiguration section */
		950ED751293D3F6E00FCA0E1 /* Debug */ = {
			isa = XCBuildConfiguration;
			buildSettings = {
				ALWAYS_SEARCH_USER_PATHS = NO;
				CLANG_ANALYZER_NONNULL = YES;
				CLANG_ANALYZER_NUMBER_OBJECT_CONVERSION = YES_AGGRESSIVE;
				CLANG_CXX_LANGUAGE_STANDARD = "gnu++17";
				CLANG_ENABLE_MODULES = YES;
				CLANG_ENABLE_OBJC_ARC = YES;
				CLANG_ENABLE_OBJC_WEAK = YES;
				CLANG_WARN_BLOCK_CAPTURE_AUTORELEASING = YES;
				CLANG_WARN_BOOL_CONVERSION = YES;
				CLANG_WARN_COMMA = YES;
				CLANG_WARN_CONSTANT_CONVERSION = YES;
				CLANG_WARN_DEPRECATED_OBJC_IMPLEMENTATIONS = YES;
				CLANG_WARN_DIRECT_OBJC_ISA_USAGE = YES_ERROR;
				CLANG_WARN_DOCUMENTATION_COMMENTS = YES;
				CLANG_WARN_EMPTY_BODY = YES;
				CLANG_WARN_ENUM_CONVERSION = YES;
				CLANG_WARN_INFINITE_RECURSION = YES;
				CLANG_WARN_INT_CONVERSION = YES;
				CLANG_WARN_NON_LITERAL_NULL_CONVERSION = YES;
				CLANG_WARN_OBJC_IMPLICIT_RETAIN_SELF = YES;
				CLANG_WARN_OBJC_LITERAL_CONVERSION = YES;
				CLANG_WARN_OBJC_ROOT_CLASS = YES_ERROR;
				CLANG_WARN_QUOTED_INCLUDE_IN_FRAMEWORK_HEADER = YES;
				CLANG_WARN_RANGE_LOOP_ANALYSIS = YES;
				CLANG_WARN_STRICT_PROTOTYPES = YES;
				CLANG_WARN_SUSPICIOUS_MOVE = YES;
				CLANG_WARN_UNGUARDED_AVAILABILITY = YES_AGGRESSIVE;
				CLANG_WARN_UNREACHABLE_CODE = YES;
				CLANG_WARN__DUPLICATE_METHOD_MATCH = YES;
				COPY_PHASE_STRIP = NO;
				DEBUG_INFORMATION_FORMAT = dwarf;
				ENABLE_STRICT_OBJC_MSGSEND = YES;
				ENABLE_TESTABILITY = YES;
				GCC_C_LANGUAGE_STANDARD = gnu11;
				GCC_DYNAMIC_NO_PIC = NO;
				GCC_NO_COMMON_BLOCKS = YES;
				GCC_OPTIMIZATION_LEVEL = 0;
				GCC_PREPROCESSOR_DEFINITIONS = (
					"DEBUG=1",
					"$(inherited)",
				);
				GCC_WARN_64_TO_32_BIT_CONVERSION = YES;
				GCC_WARN_ABOUT_RETURN_TYPE = YES_ERROR;
				GCC_WARN_UNDECLARED_SELECTOR = YES;
				GCC_WARN_UNINITIALIZED_AUTOS = YES_AGGRESSIVE;
				GCC_WARN_UNUSED_FUNCTION = YES;
				GCC_WARN_UNUSED_VARIABLE = YES;
				IPHONEOS_DEPLOYMENT_TARGET = 15.5;
				MTL_ENABLE_DEBUG_INFO = INCLUDE_SOURCE;
				MTL_FAST_MATH = YES;
				ONLY_ACTIVE_ARCH = YES;
				SDKROOT = iphoneos;
				SWIFT_ACTIVE_COMPILATION_CONDITIONS = DEBUG;
				SWIFT_OPTIMIZATION_LEVEL = "-Onone";
			};
			name = Debug;
		};
		950ED752293D3F6E00FCA0E1 /* Release */ = {
			isa = XCBuildConfiguration;
			buildSettings = {
				ALWAYS_SEARCH_USER_PATHS = NO;
				CLANG_ANALYZER_NONNULL = YES;
				CLANG_ANALYZER_NUMBER_OBJECT_CONVERSION = YES_AGGRESSIVE;
				CLANG_CXX_LANGUAGE_STANDARD = "gnu++17";
				CLANG_ENABLE_MODULES = YES;
				CLANG_ENABLE_OBJC_ARC = YES;
				CLANG_ENABLE_OBJC_WEAK = YES;
				CLANG_WARN_BLOCK_CAPTURE_AUTORELEASING = YES;
				CLANG_WARN_BOOL_CONVERSION = YES;
				CLANG_WARN_COMMA = YES;
				CLANG_WARN_CONSTANT_CONVERSION = YES;
				CLANG_WARN_DEPRECATED_OBJC_IMPLEMENTATIONS = YES;
				CLANG_WARN_DIRECT_OBJC_ISA_USAGE = YES_ERROR;
				CLANG_WARN_DOCUMENTATION_COMMENTS = YES;
				CLANG_WARN_EMPTY_BODY = YES;
				CLANG_WARN_ENUM_CONVERSION = YES;
				CLANG_WARN_INFINITE_RECURSION = YES;
				CLANG_WARN_INT_CONVERSION = YES;
				CLANG_WARN_NON_LITERAL_NULL_CONVERSION = YES;
				CLANG_WARN_OBJC_IMPLICIT_RETAIN_SELF = YES;
				CLANG_WARN_OBJC_LITERAL_CONVERSION = YES;
				CLANG_WARN_OBJC_ROOT_CLASS = YES_ERROR;
				CLANG_WARN_QUOTED_INCLUDE_IN_FRAMEWORK_HEADER = YES;
				CLANG_WARN_RANGE_LOOP_ANALYSIS = YES;
				CLANG_WARN_STRICT_PROTOTYPES = YES;
				CLANG_WARN_SUSPICIOUS_MOVE = YES;
				CLANG_WARN_UNGUARDED_AVAILABILITY = YES_AGGRESSIVE;
				CLANG_WARN_UNREACHABLE_CODE = YES;
				CLANG_WARN__DUPLICATE_METHOD_MATCH = YES;
				COPY_PHASE_STRIP = NO;
				DEBUG_INFORMATION_FORMAT = "dwarf-with-dsym";
				ENABLE_NS_ASSERTIONS = NO;
				ENABLE_STRICT_OBJC_MSGSEND = YES;
				GCC_C_LANGUAGE_STANDARD = gnu11;
				GCC_NO_COMMON_BLOCKS = YES;
				GCC_WARN_64_TO_32_BIT_CONVERSION = YES;
				GCC_WARN_ABOUT_RETURN_TYPE = YES_ERROR;
				GCC_WARN_UNDECLARED_SELECTOR = YES;
				GCC_WARN_UNINITIALIZED_AUTOS = YES_AGGRESSIVE;
				GCC_WARN_UNUSED_FUNCTION = YES;
				GCC_WARN_UNUSED_VARIABLE = YES;
				IPHONEOS_DEPLOYMENT_TARGET = 15.5;
				MTL_ENABLE_DEBUG_INFO = NO;
				MTL_FAST_MATH = YES;
				SDKROOT = iphoneos;
				SWIFT_COMPILATION_MODE = wholemodule;
				SWIFT_OPTIMIZATION_LEVEL = "-O";
				VALIDATE_PRODUCT = YES;
			};
			name = Release;
		};
		950ED754293D3F6E00FCA0E1 /* Debug */ = {
			isa = XCBuildConfiguration;
			buildSettings = {
				ASSETCATALOG_COMPILER_APPICON_NAME = AppIcon;
				ASSETCATALOG_COMPILER_GLOBAL_ACCENT_COLOR_NAME = AccentColor;
				CODE_SIGN_STYLE = Automatic;
				CURRENT_PROJECT_VERSION = 1;
				DEVELOPMENT_ASSET_PATHS = "\"Roadmap/Preview Content\"";
				DEVELOPMENT_TEAM = T953MBS823;
				ENABLE_PREVIEWS = YES;
				GENERATE_INFOPLIST_FILE = YES;
				INFOPLIST_KEY_UIApplicationSceneManifest_Generation = YES;
				INFOPLIST_KEY_UIApplicationSupportsIndirectInputEvents = YES;
				INFOPLIST_KEY_UILaunchScreen_Generation = YES;
				INFOPLIST_KEY_UISupportedInterfaceOrientations_iPad = "UIInterfaceOrientationPortrait UIInterfaceOrientationPortraitUpsideDown UIInterfaceOrientationLandscapeLeft UIInterfaceOrientationLandscapeRight";
				INFOPLIST_KEY_UISupportedInterfaceOrientations_iPhone = "UIInterfaceOrientationPortrait UIInterfaceOrientationLandscapeLeft UIInterfaceOrientationLandscapeRight";
				LD_RUNPATH_SEARCH_PATHS = (
					"$(inherited)",
					"@executable_path/Frameworks",
				);
				MARKETING_VERSION = 1.0;
				PRODUCT_BUNDLE_IDENTIFIER = net.wordscale.Roadmap;
				PRODUCT_NAME = "$(TARGET_NAME)";
				SWIFT_EMIT_LOC_STRINGS = YES;
				SWIFT_VERSION = 5.0;
				TARGETED_DEVICE_FAMILY = "1,2";
			};
			name = Debug;
		};
		950ED755293D3F6E00FCA0E1 /* Release */ = {
			isa = XCBuildConfiguration;
			buildSettings = {
				ASSETCATALOG_COMPILER_APPICON_NAME = AppIcon;
				ASSETCATALOG_COMPILER_GLOBAL_ACCENT_COLOR_NAME = AccentColor;
				CODE_SIGN_STYLE = Automatic;
				CURRENT_PROJECT_VERSION = 1;
				DEVELOPMENT_ASSET_PATHS = "\"Roadmap/Preview Content\"";
				DEVELOPMENT_TEAM = T953MBS823;
				ENABLE_PREVIEWS = YES;
				GENERATE_INFOPLIST_FILE = YES;
				INFOPLIST_KEY_UIApplicationSceneManifest_Generation = YES;
				INFOPLIST_KEY_UIApplicationSupportsIndirectInputEvents = YES;
				INFOPLIST_KEY_UILaunchScreen_Generation = YES;
				INFOPLIST_KEY_UISupportedInterfaceOrientations_iPad = "UIInterfaceOrientationPortrait UIInterfaceOrientationPortraitUpsideDown UIInterfaceOrientationLandscapeLeft UIInterfaceOrientationLandscapeRight";
				INFOPLIST_KEY_UISupportedInterfaceOrientations_iPhone = "UIInterfaceOrientationPortrait UIInterfaceOrientationLandscapeLeft UIInterfaceOrientationLandscapeRight";
				LD_RUNPATH_SEARCH_PATHS = (
					"$(inherited)",
					"@executable_path/Frameworks",
				);
				MARKETING_VERSION = 1.0;
				PRODUCT_BUNDLE_IDENTIFIER = net.wordscale.Roadmap;
				PRODUCT_NAME = "$(TARGET_NAME)";
				SWIFT_EMIT_LOC_STRINGS = YES;
				SWIFT_VERSION = 5.0;
				TARGETED_DEVICE_FAMILY = "1,2";
			};
			name = Release;
		};
/* End XCBuildConfiguration section */

/* Begin XCConfigurationList section */
		950ED740293D3F6D00FCA0E1 /* Build configuration list for PBXProject "Roadmap" */ = {
			isa = XCConfigurationList;
			buildConfigurations = (
				950ED751293D3F6E00FCA0E1 /* Debug */,
				950ED752293D3F6E00FCA0E1 /* Release */,
			);
			defaultConfigurationIsVisible = 0;
			defaultConfigurationName = Release;
		};
		950ED753293D3F6E00FCA0E1 /* Build configuration list for PBXNativeTarget "Roadmap" */ = {
			isa = XCConfigurationList;
			buildConfigurations = (
				950ED754293D3F6E00FCA0E1 /* Debug */,
				950ED755293D3F6E00FCA0E1 /* Release */,
			);
			defaultConfigurationIsVisible = 0;
			defaultConfigurationName = Release;
		};
/* End XCConfigurationList section */
	};
	rootObject = 950ED73D293D3F6D00FCA0E1 /* Project object */;
}
